// !$*UTF8*$!
{
	archiveVersion = 1;
	classes = {
	};
	objectVersion = 48;
	objects = {

/* Begin PBXBuildFile section */
		1608648B200CA30E0043988C /* AppDelegate.m in Sources */ = {isa = PBXBuildFile; fileRef = 1608648A200CA30E0043988C /* AppDelegate.m */; };
		1608648E200CA30E0043988C /* ViewController.m in Sources */ = {isa = PBXBuildFile; fileRef = 1608648D200CA30E0043988C /* ViewController.m */; };
		16086491200CA30E0043988C /* Main.storyboard in Resources */ = {isa = PBXBuildFile; fileRef = 1608648F200CA30E0043988C /* Main.storyboard */; };
		16086493200CA30E0043988C /* Assets.xcassets in Resources */ = {isa = PBXBuildFile; fileRef = 16086492200CA30E0043988C /* Assets.xcassets */; };
		16086496200CA30E0043988C /* LaunchScreen.storyboard in Resources */ = {isa = PBXBuildFile; fileRef = 16086494200CA30E0043988C /* LaunchScreen.storyboard */; };
		16086499200CA30E0043988C /* main.m in Sources */ = {isa = PBXBuildFile; fileRef = 16086498200CA30E0043988C /* main.m */; };
		160864A3200CA30E0043988C /* BayMaxProtectorTests.m in Sources */ = {isa = PBXBuildFile; fileRef = 160864A2200CA30E0043988C /* BayMaxProtectorTests.m */; };
		160864AE200CA30E0043988C /* BayMaxProtectorUITests.m in Sources */ = {isa = PBXBuildFile; fileRef = 160864AD200CA30E0043988C /* BayMaxProtectorUITests.m */; };
		160864C2200CA3340043988C /* BayMaxKVODelegate.m in Sources */ = {isa = PBXBuildFile; fileRef = 160864BD200CA3340043988C /* BayMaxKVODelegate.m */; };
		160864C3200CA3340043988C /* BayMaxCrashHandler.m in Sources */ = {isa = PBXBuildFile; fileRef = 160864BE200CA3340043988C /* BayMaxCrashHandler.m */; };
		160864C4200CA3340043988C /* BayMaxProtector.m in Sources */ = {isa = PBXBuildFile; fileRef = 160864C1200CA3340043988C /* BayMaxProtector.m */; };
		160864C7200CA35B0043988C /* TestViewController.m in Sources */ = {isa = PBXBuildFile; fileRef = 160864C6200CA35B0043988C /* TestViewController.m */; };
		16E19E0E200DFA870038001A /* BayMaxTimerSubTarget.m in Sources */ = {isa = PBXBuildFile; fileRef = 16E19E0D200DFA870038001A /* BayMaxTimerSubTarget.m */; };
/* End PBXBuildFile section */

/* Begin PBXContainerItemProxy section */
		1608649F200CA30E0043988C /* PBXContainerItemProxy */ = {
			isa = PBXContainerItemProxy;
			containerPortal = 1608647E200CA30E0043988C /* Project object */;
			proxyType = 1;
			remoteGlobalIDString = 16086485200CA30E0043988C;
			remoteInfo = BayMaxProtector;
		};
		160864AA200CA30E0043988C /* PBXContainerItemProxy */ = {
			isa = PBXContainerItemProxy;
			containerPortal = 1608647E200CA30E0043988C /* Project object */;
			proxyType = 1;
			remoteGlobalIDString = 16086485200CA30E0043988C;
			remoteInfo = BayMaxProtector;
		};
/* End PBXContainerItemProxy section */

/* Begin PBXFileReference section */
		16086486200CA30E0043988C /* BayMaxProtector.app */ = {isa = PBXFileReference; explicitFileType = wrapper.application; includeInIndex = 0; path = BayMaxProtector.app; sourceTree = BUILT_PRODUCTS_DIR; };
		16086489200CA30E0043988C /* AppDelegate.h */ = {isa = PBXFileReference; lastKnownFileType = sourcecode.c.h; path = AppDelegate.h; sourceTree = "<group>"; };
		1608648A200CA30E0043988C /* AppDelegate.m */ = {isa = PBXFileReference; lastKnownFileType = sourcecode.c.objc; path = AppDelegate.m; sourceTree = "<group>"; };
		1608648C200CA30E0043988C /* ViewController.h */ = {isa = PBXFileReference; lastKnownFileType = sourcecode.c.h; path = ViewController.h; sourceTree = "<group>"; };
		1608648D200CA30E0043988C /* ViewController.m */ = {isa = PBXFileReference; lastKnownFileType = sourcecode.c.objc; path = ViewController.m; sourceTree = "<group>"; };
		16086490200CA30E0043988C /* Base */ = {isa = PBXFileReference; lastKnownFileType = file.storyboard; name = Base; path = Base.lproj/Main.storyboard; sourceTree = "<group>"; };
		16086492200CA30E0043988C /* Assets.xcassets */ = {isa = PBXFileReference; lastKnownFileType = folder.assetcatalog; path = Assets.xcassets; sourceTree = "<group>"; };
		16086495200CA30E0043988C /* Base */ = {isa = PBXFileReference; lastKnownFileType = file.storyboard; name = Base; path = Base.lproj/LaunchScreen.storyboard; sourceTree = "<group>"; };
		16086497200CA30E0043988C /* Info.plist */ = {isa = PBXFileReference; lastKnownFileType = text.plist.xml; path = Info.plist; sourceTree = "<group>"; };
		16086498200CA30E0043988C /* main.m */ = {isa = PBXFileReference; lastKnownFileType = sourcecode.c.objc; path = main.m; sourceTree = "<group>"; };
		1608649E200CA30E0043988C /* BayMaxProtectorTests.xctest */ = {isa = PBXFileReference; explicitFileType = wrapper.cfbundle; includeInIndex = 0; path = BayMaxProtectorTests.xctest; sourceTree = BUILT_PRODUCTS_DIR; };
		160864A2200CA30E0043988C /* BayMaxProtectorTests.m */ = {isa = PBXFileReference; lastKnownFileType = sourcecode.c.objc; path = BayMaxProtectorTests.m; sourceTree = "<group>"; };
		160864A4200CA30E0043988C /* Info.plist */ = {isa = PBXFileReference; lastKnownFileType = text.plist.xml; path = Info.plist; sourceTree = "<group>"; };
		160864A9200CA30E0043988C /* BayMaxProtectorUITests.xctest */ = {isa = PBXFileReference; explicitFileType = wrapper.cfbundle; includeInIndex = 0; path = BayMaxProtectorUITests.xctest; sourceTree = BUILT_PRODUCTS_DIR; };
		160864AD200CA30E0043988C /* BayMaxProtectorUITests.m */ = {isa = PBXFileReference; lastKnownFileType = sourcecode.c.objc; path = BayMaxProtectorUITests.m; sourceTree = "<group>"; };
		160864AF200CA30E0043988C /* Info.plist */ = {isa = PBXFileReference; lastKnownFileType = text.plist.xml; path = Info.plist; sourceTree = "<group>"; };
		160864BC200CA3340043988C /* BayMaxProtector.h */ = {isa = PBXFileReference; fileEncoding = 4; lastKnownFileType = sourcecode.c.h; path = BayMaxProtector.h; sourceTree = "<group>"; };
		160864BD200CA3340043988C /* BayMaxKVODelegate.m */ = {isa = PBXFileReference; fileEncoding = 4; lastKnownFileType = sourcecode.c.objc; path = BayMaxKVODelegate.m; sourceTree = "<group>"; };
		160864BE200CA3340043988C /* BayMaxCrashHandler.m */ = {isa = PBXFileReference; fileEncoding = 4; lastKnownFileType = sourcecode.c.objc; path = BayMaxCrashHandler.m; sourceTree = "<group>"; };
		160864BF200CA3340043988C /* BayMaxCrashHandler.h */ = {isa = PBXFileReference; fileEncoding = 4; lastKnownFileType = sourcecode.c.h; path = BayMaxCrashHandler.h; sourceTree = "<group>"; };
		160864C0200CA3340043988C /* BayMaxKVODelegate.h */ = {isa = PBXFileReference; fileEncoding = 4; lastKnownFileType = sourcecode.c.h; path = BayMaxKVODelegate.h; sourceTree = "<group>"; };
		160864C1200CA3340043988C /* BayMaxProtector.m */ = {isa = PBXFileReference; fileEncoding = 4; lastKnownFileType = sourcecode.c.objc; path = BayMaxProtector.m; sourceTree = "<group>"; };
		160864C5200CA35B0043988C /* TestViewController.h */ = {isa = PBXFileReference; fileEncoding = 4; lastKnownFileType = sourcecode.c.h; path = TestViewController.h; sourceTree = "<group>"; };
		160864C6200CA35B0043988C /* TestViewController.m */ = {isa = PBXFileReference; fileEncoding = 4; lastKnownFileType = sourcecode.c.objc; path = TestViewController.m; sourceTree = "<group>"; };
		16E19E0C200DFA870038001A /* BayMaxTimerSubTarget.h */ = {isa = PBXFileReference; lastKnownFileType = sourcecode.c.h; path = BayMaxTimerSubTarget.h; sourceTree = "<group>"; };
		16E19E0D200DFA870038001A /* BayMaxTimerSubTarget.m */ = {isa = PBXFileReference; lastKnownFileType = sourcecode.c.objc; path = BayMaxTimerSubTarget.m; sourceTree = "<group>"; };
/* End PBXFileReference section */

/* Begin PBXFrameworksBuildPhase section */
		16086483200CA30E0043988C /* Frameworks */ = {
			isa = PBXFrameworksBuildPhase;
			buildActionMask = 2147483647;
			files = (
			);
			runOnlyForDeploymentPostprocessing = 0;
		};
		1608649B200CA30E0043988C /* Frameworks */ = {
			isa = PBXFrameworksBuildPhase;
			buildActionMask = 2147483647;
			files = (
			);
			runOnlyForDeploymentPostprocessing = 0;
		};
		160864A6200CA30E0043988C /* Frameworks */ = {
			isa = PBXFrameworksBuildPhase;
			buildActionMask = 2147483647;
			files = (
			);
			runOnlyForDeploymentPostprocessing = 0;
		};
/* End PBXFrameworksBuildPhase section */

/* Begin PBXGroup section */
		1608647D200CA30E0043988C = {
			isa = PBXGroup;
			children = (
				16086488200CA30E0043988C /* BayMaxProtector */,
				160864A1200CA30E0043988C /* BayMaxProtectorTests */,
				160864AC200CA30E0043988C /* BayMaxProtectorUITests */,
				16086487200CA30E0043988C /* Products */,
			);
			sourceTree = "<group>";
		};
		16086487200CA30E0043988C /* Products */ = {
			isa = PBXGroup;
			children = (
				16086486200CA30E0043988C /* BayMaxProtector.app */,
				1608649E200CA30E0043988C /* BayMaxProtectorTests.xctest */,
				160864A9200CA30E0043988C /* BayMaxProtectorUITests.xctest */,
			);
			name = Products;
			sourceTree = "<group>";
		};
		16086488200CA30E0043988C /* BayMaxProtector */ = {
			isa = PBXGroup;
			children = (
				160864C8200CA35F0043988C /* Test */,
				160864BB200CA3340043988C /* BayMax */,
				16086489200CA30E0043988C /* AppDelegate.h */,
				1608648A200CA30E0043988C /* AppDelegate.m */,
				1608648C200CA30E0043988C /* ViewController.h */,
				1608648D200CA30E0043988C /* ViewController.m */,
				1608648F200CA30E0043988C /* Main.storyboard */,
				16086492200CA30E0043988C /* Assets.xcassets */,
				16086494200CA30E0043988C /* LaunchScreen.storyboard */,
				16086497200CA30E0043988C /* Info.plist */,
				16086498200CA30E0043988C /* main.m */,
			);
			path = BayMaxProtector;
			sourceTree = "<group>";
		};
		160864A1200CA30E0043988C /* BayMaxProtectorTests */ = {
			isa = PBXGroup;
			children = (
				160864A2200CA30E0043988C /* BayMaxProtectorTests.m */,
				160864A4200CA30E0043988C /* Info.plist */,
			);
			path = BayMaxProtectorTests;
			sourceTree = "<group>";
		};
		160864AC200CA30E0043988C /* BayMaxProtectorUITests */ = {
			isa = PBXGroup;
			children = (
				160864AD200CA30E0043988C /* BayMaxProtectorUITests.m */,
				160864AF200CA30E0043988C /* Info.plist */,
			);
			path = BayMaxProtectorUITests;
			sourceTree = "<group>";
		};
		160864BB200CA3340043988C /* BayMax */ = {
			isa = PBXGroup;
			children = (
				160864BC200CA3340043988C /* BayMaxProtector.h */,
				160864C1200CA3340043988C /* BayMaxProtector.m */,
				160864C0200CA3340043988C /* BayMaxKVODelegate.h */,
				160864BD200CA3340043988C /* BayMaxKVODelegate.m */,
				160864BF200CA3340043988C /* BayMaxCrashHandler.h */,
				160864BE200CA3340043988C /* BayMaxCrashHandler.m */,
				16E19E0C200DFA870038001A /* BayMaxTimerSubTarget.h */,
				16E19E0D200DFA870038001A /* BayMaxTimerSubTarget.m */,
			);
			path = BayMax;
			sourceTree = "<group>";
		};
		160864C8200CA35F0043988C /* Test */ = {
			isa = PBXGroup;
			children = (
				160864C5200CA35B0043988C /* TestViewController.h */,
				160864C6200CA35B0043988C /* TestViewController.m */,
			);
			path = Test;
			sourceTree = "<group>";
		};
/* End PBXGroup section */

/* Begin PBXNativeTarget section */
		16086485200CA30E0043988C /* BayMaxProtector */ = {
			isa = PBXNativeTarget;
			buildConfigurationList = 160864B2200CA30E0043988C /* Build configuration list for PBXNativeTarget "BayMaxProtector" */;
			buildPhases = (
				16086482200CA30E0043988C /* Sources */,
				16086483200CA30E0043988C /* Frameworks */,
				16086484200CA30E0043988C /* Resources */,
			);
			buildRules = (
			);
			dependencies = (
			);
			name = BayMaxProtector;
			productName = BayMaxProtector;
			productReference = 16086486200CA30E0043988C /* BayMaxProtector.app */;
			productType = "com.apple.product-type.application";
		};
		1608649D200CA30E0043988C /* BayMaxProtectorTests */ = {
			isa = PBXNativeTarget;
			buildConfigurationList = 160864B5200CA30E0043988C /* Build configuration list for PBXNativeTarget "BayMaxProtectorTests" */;
			buildPhases = (
				1608649A200CA30E0043988C /* Sources */,
				1608649B200CA30E0043988C /* Frameworks */,
				1608649C200CA30E0043988C /* Resources */,
			);
			buildRules = (
			);
			dependencies = (
				160864A0200CA30E0043988C /* PBXTargetDependency */,
			);
			name = BayMaxProtectorTests;
			productName = BayMaxProtectorTests;
			productReference = 1608649E200CA30E0043988C /* BayMaxProtectorTests.xctest */;
			productType = "com.apple.product-type.bundle.unit-test";
		};
		160864A8200CA30E0043988C /* BayMaxProtectorUITests */ = {
			isa = PBXNativeTarget;
			buildConfigurationList = 160864B8200CA30E0043988C /* Build configuration list for PBXNativeTarget "BayMaxProtectorUITests" */;
			buildPhases = (
				160864A5200CA30E0043988C /* Sources */,
				160864A6200CA30E0043988C /* Frameworks */,
				160864A7200CA30E0043988C /* Resources */,
			);
			buildRules = (
			);
			dependencies = (
				160864AB200CA30E0043988C /* PBXTargetDependency */,
			);
			name = BayMaxProtectorUITests;
			productName = BayMaxProtectorUITests;
			productReference = 160864A9200CA30E0043988C /* BayMaxProtectorUITests.xctest */;
			productType = "com.apple.product-type.bundle.ui-testing";
		};
/* End PBXNativeTarget section */

/* Begin PBXProject section */
		1608647E200CA30E0043988C /* Project object */ = {
			isa = PBXProject;
			attributes = {
				LastUpgradeCheck = 0920;
				ORGANIZATIONNAME = ccSunday;
				TargetAttributes = {
					16086485200CA30E0043988C = {
						CreatedOnToolsVersion = 9.2;
						ProvisioningStyle = Automatic;
					};
					1608649D200CA30E0043988C = {
						CreatedOnToolsVersion = 9.2;
						ProvisioningStyle = Automatic;
						TestTargetID = 16086485200CA30E0043988C;
					};
					160864A8200CA30E0043988C = {
						CreatedOnToolsVersion = 9.2;
						ProvisioningStyle = Automatic;
						TestTargetID = 16086485200CA30E0043988C;
					};
				};
			};
			buildConfigurationList = 16086481200CA30E0043988C /* Build configuration list for PBXProject "BayMaxProtector" */;
			compatibilityVersion = "Xcode 8.0";
			developmentRegion = en;
			hasScannedForEncodings = 0;
			knownRegions = (
				en,
				Base,
			);
			mainGroup = 1608647D200CA30E0043988C;
			productRefGroup = 16086487200CA30E0043988C /* Products */;
			projectDirPath = "";
			projectRoot = "";
			targets = (
				16086485200CA30E0043988C /* BayMaxProtector */,
				1608649D200CA30E0043988C /* BayMaxProtectorTests */,
				160864A8200CA30E0043988C /* BayMaxProtectorUITests */,
			);
		};
/* End PBXProject section */

/* Begin PBXResourcesBuildPhase section */
		16086484200CA30E0043988C /* Resources */ = {
			isa = PBXResourcesBuildPhase;
			buildActionMask = 2147483647;
			files = (
				16086496200CA30E0043988C /* LaunchScreen.storyboard in Resources */,
				16086493200CA30E0043988C /* Assets.xcassets in Resources */,
				16086491200CA30E0043988C /* Main.storyboard in Resources */,
			);
			runOnlyForDeploymentPostprocessing = 0;
		};
		1608649C200CA30E0043988C /* Resources */ = {
			isa = PBXResourcesBuildPhase;
			buildActionMask = 2147483647;
			files = (
			);
			runOnlyForDeploymentPostprocessing = 0;
		};
		160864A7200CA30E0043988C /* Resources */ = {
			isa = PBXResourcesBuildPhase;
			buildActionMask = 2147483647;
			files = (
			);
			runOnlyForDeploymentPostprocessing = 0;
		};
/* End PBXResourcesBuildPhase section */

/* Begin PBXSourcesBuildPhase section */
		16086482200CA30E0043988C /* Sources */ = {
			isa = PBXSourcesBuildPhase;
			buildActionMask = 2147483647;
			files = (
				1608648E200CA30E0043988C /* ViewController.m in Sources */,
				160864C3200CA3340043988C /* BayMaxCrashHandler.m in Sources */,
				160864C4200CA3340043988C /* BayMaxProtector.m in Sources */,
				16086499200CA30E0043988C /* main.m in Sources */,
				160864C7200CA35B0043988C /* TestViewController.m in Sources */,
				16E19E0E200DFA870038001A /* BayMaxTimerSubTarget.m in Sources */,
				1608648B200CA30E0043988C /* AppDelegate.m in Sources */,
				160864C2200CA3340043988C /* BayMaxKVODelegate.m in Sources */,
			);
			runOnlyForDeploymentPostprocessing = 0;
		};
		1608649A200CA30E0043988C /* Sources */ = {
			isa = PBXSourcesBuildPhase;
			buildActionMask = 2147483647;
			files = (
				160864A3200CA30E0043988C /* BayMaxProtectorTests.m in Sources */,
			);
			runOnlyForDeploymentPostprocessing = 0;
		};
		160864A5200CA30E0043988C /* Sources */ = {
			isa = PBXSourcesBuildPhase;
			buildActionMask = 2147483647;
			files = (
				160864AE200CA30E0043988C /* BayMaxProtectorUITests.m in Sources */,
			);
			runOnlyForDeploymentPostprocessing = 0;
		};
/* End PBXSourcesBuildPhase section */

/* Begin PBXTargetDependency section */
		160864A0200CA30E0043988C /* PBXTargetDependency */ = {
			isa = PBXTargetDependency;
			target = 16086485200CA30E0043988C /* BayMaxProtector */;
			targetProxy = 1608649F200CA30E0043988C /* PBXContainerItemProxy */;
		};
		160864AB200CA30E0043988C /* PBXTargetDependency */ = {
			isa = PBXTargetDependency;
			target = 16086485200CA30E0043988C /* BayMaxProtector */;
			targetProxy = 160864AA200CA30E0043988C /* PBXContainerItemProxy */;
		};
/* End PBXTargetDependency section */

/* Begin PBXVariantGroup section */
		1608648F200CA30E0043988C /* Main.storyboard */ = {
			isa = PBXVariantGroup;
			children = (
				16086490200CA30E0043988C /* Base */,
			);
			name = Main.storyboard;
			sourceTree = "<group>";
		};
		16086494200CA30E0043988C /* LaunchScreen.storyboard */ = {
			isa = PBXVariantGroup;
			children = (
				16086495200CA30E0043988C /* Base */,
			);
			name = LaunchScreen.storyboard;
			sourceTree = "<group>";
		};
/* End PBXVariantGroup section */

/* Begin XCBuildConfiguration section */
		160864B0200CA30E0043988C /* Debug */ = {
			isa = XCBuildConfiguration;
			buildSettings = {
				ALWAYS_SEARCH_USER_PATHS = NO;
				CLANG_ANALYZER_NONNULL = YES;
				CLANG_ANALYZER_NUMBER_OBJECT_CONVERSION = YES_AGGRESSIVE;
				CLANG_CXX_LANGUAGE_STANDARD = "gnu++14";
				CLANG_CXX_LIBRARY = "libc++";
				CLANG_ENABLE_MODULES = YES;
				CLANG_ENABLE_OBJC_ARC = YES;
				CLANG_WARN_BLOCK_CAPTURE_AUTORELEASING = YES;
				CLANG_WARN_BOOL_CONVERSION = YES;
				CLANG_WARN_COMMA = YES;
				CLANG_WARN_CONSTANT_CONVERSION = YES;
				CLANG_WARN_DIRECT_OBJC_ISA_USAGE = YES_ERROR;
				CLANG_WARN_DOCUMENTATION_COMMENTS = YES;
				CLANG_WARN_EMPTY_BODY = YES;
				CLANG_WARN_ENUM_CONVERSION = YES;
				CLANG_WARN_INFINITE_RECURSION = YES;
				CLANG_WARN_INT_CONVERSION = YES;
				CLANG_WARN_NON_LITERAL_NULL_CONVERSION = YES;
				CLANG_WARN_OBJC_LITERAL_CONVERSION = YES;
				CLANG_WARN_OBJC_ROOT_CLASS = YES_ERROR;
				CLANG_WARN_RANGE_LOOP_ANALYSIS = YES;
				CLANG_WARN_STRICT_PROTOTYPES = YES;
				CLANG_WARN_SUSPICIOUS_MOVE = YES;
				CLANG_WARN_UNGUARDED_AVAILABILITY = YES_AGGRESSIVE;
				CLANG_WARN_UNREACHABLE_CODE = YES;
				CLANG_WARN__DUPLICATE_METHOD_MATCH = YES;
				CODE_SIGN_IDENTITY = "iPhone Developer";
				COPY_PHASE_STRIP = NO;
				DEBUG_INFORMATION_FORMAT = dwarf;
				ENABLE_STRICT_OBJC_MSGSEND = YES;
				ENABLE_TESTABILITY = YES;
				GCC_C_LANGUAGE_STANDARD = gnu11;
				GCC_DYNAMIC_NO_PIC = NO;
				GCC_NO_COMMON_BLOCKS = YES;
				GCC_OPTIMIZATION_LEVEL = 0;
				GCC_PREPROCESSOR_DEFINITIONS = (
					"DEBUG=1",
					"$(inherited)",
				);
				GCC_WARN_64_TO_32_BIT_CONVERSION = YES;
				GCC_WARN_ABOUT_RETURN_TYPE = YES_ERROR;
				GCC_WARN_UNDECLARED_SELECTOR = YES;
				GCC_WARN_UNINITIALIZED_AUTOS = YES_AGGRESSIVE;
				GCC_WARN_UNUSED_FUNCTION = YES;
				GCC_WARN_UNUSED_VARIABLE = YES;
				IPHONEOS_DEPLOYMENT_TARGET = 11.2;
				MTL_ENABLE_DEBUG_INFO = YES;
				ONLY_ACTIVE_ARCH = YES;
				SDKROOT = iphoneos;
			};
			name = Debug;
		};
		160864B1200CA30E0043988C /* Release */ = {
			isa = XCBuildConfiguration;
			buildSettings = {
				ALWAYS_SEARCH_USER_PATHS = NO;
				CLANG_ANALYZER_NONNULL = YES;
				CLANG_ANALYZER_NUMBER_OBJECT_CONVERSION = YES_AGGRESSIVE;
				CLANG_CXX_LANGUAGE_STANDARD = "gnu++14";
				CLANG_CXX_LIBRARY = "libc++";
				CLANG_ENABLE_MODULES = YES;
				CLANG_ENABLE_OBJC_ARC = YES;
				CLANG_WARN_BLOCK_CAPTURE_AUTORELEASING = YES;
				CLANG_WARN_BOOL_CONVERSION = YES;
				CLANG_WARN_COMMA = YES;
				CLANG_WARN_CONSTANT_CONVERSION = YES;
				CLANG_WARN_DIRECT_OBJC_ISA_USAGE = YES_ERROR;
				CLANG_WARN_DOCUMENTATION_COMMENTS = YES;
				CLANG_WARN_EMPTY_BODY = YES;
				CLANG_WARN_ENUM_CONVERSION = YES;
				CLANG_WARN_INFINITE_RECURSION = YES;
				CLANG_WARN_INT_CONVERSION = YES;
				CLANG_WARN_NON_LITERAL_NULL_CONVERSION = YES;
				CLANG_WARN_OBJC_LITERAL_CONVERSION = YES;
				CLANG_WARN_OBJC_ROOT_CLASS = YES_ERROR;
				CLANG_WARN_RANGE_LOOP_ANALYSIS = YES;
				CLANG_WARN_STRICT_PROTOTYPES = YES;
				CLANG_WARN_SUSPICIOUS_MOVE = YES;
				CLANG_WARN_UNGUARDED_AVAILABILITY = YES_AGGRESSIVE;
				CLANG_WARN_UNREACHABLE_CODE = YES;
				CLANG_WARN__DUPLICATE_METHOD_MATCH = YES;
				CODE_SIGN_IDENTITY = "iPhone Developer";
				COPY_PHASE_STRIP = NO;
				DEBUG_INFORMATION_FORMAT = "dwarf-with-dsym";
				ENABLE_NS_ASSERTIONS = NO;
				ENABLE_STRICT_OBJC_MSGSEND = YES;
				GCC_C_LANGUAGE_STANDARD = gnu11;
				GCC_NO_COMMON_BLOCKS = YES;
				GCC_WARN_64_TO_32_BIT_CONVERSION = YES;
				GCC_WARN_ABOUT_RETURN_TYPE = YES_ERROR;
				GCC_WARN_UNDECLARED_SELECTOR = YES;
				GCC_WARN_UNINITIALIZED_AUTOS = YES_AGGRESSIVE;
				GCC_WARN_UNUSED_FUNCTION = YES;
				GCC_WARN_UNUSED_VARIABLE = YES;
				IPHONEOS_DEPLOYMENT_TARGET = 11.2;
				MTL_ENABLE_DEBUG_INFO = NO;
				SDKROOT = iphoneos;
				VALIDATE_PRODUCT = YES;
			};
			name = Release;
		};
		160864B3200CA30E0043988C /* Debug */ = {
			isa = XCBuildConfiguration;
			buildSettings = {
				ASSETCATALOG_COMPILER_APPICON_NAME = AppIcon;
				CODE_SIGN_STYLE = Automatic;
				DEVELOPMENT_TEAM = RU8Q2UZGJG;
				INFOPLIST_FILE = BayMaxProtector/Info.plist;
				IPHONEOS_DEPLOYMENT_TARGET = 10.0;
				LD_RUNPATH_SEARCH_PATHS = "$(inherited) @executable_path/Frameworks";
				PRODUCT_BUNDLE_IDENTIFIER = com.lionbridge.help.BayMaxProtector;
				PRODUCT_NAME = "$(TARGET_NAME)";
				TARGETED_DEVICE_FAMILY = "1,2";
			};
			name = Debug;
		};
		160864B4200CA30E0043988C /* Release */ = {
			isa = XCBuildConfiguration;
			buildSettings = {
				ASSETCATALOG_COMPILER_APPICON_NAME = AppIcon;
				CODE_SIGN_STYLE = Automatic;
				DEVELOPMENT_TEAM = RU8Q2UZGJG;
				INFOPLIST_FILE = BayMaxProtector/Info.plist;
				IPHONEOS_DEPLOYMENT_TARGET = 10.0;
				LD_RUNPATH_SEARCH_PATHS = "$(inherited) @executable_path/Frameworks";
				PRODUCT_BUNDLE_IDENTIFIER = com.lionbridge.help.BayMaxProtector;
				PRODUCT_NAME = "$(TARGET_NAME)";
				TARGETED_DEVICE_FAMILY = "1,2";
			};
			name = Release;
		};
		160864B6200CA30E0043988C /* Debug */ = {
			isa = XCBuildConfiguration;
			buildSettings = {
				BUNDLE_LOADER = "$(TEST_HOST)";
				CODE_SIGN_STYLE = Automatic;
				INFOPLIST_FILE = BayMaxProtectorTests/Info.plist;
				LD_RUNPATH_SEARCH_PATHS = "$(inherited) @executable_path/Frameworks @loader_path/Frameworks";
				PRODUCT_BUNDLE_IDENTIFIER = com.lionbridge.help.BayMaxProtectorTests;
				PRODUCT_NAME = "$(TARGET_NAME)";
				TARGETED_DEVICE_FAMILY = "1,2";
				TEST_HOST = "$(BUILT_PRODUCTS_DIR)/BayMaxProtector.app/BayMaxProtector";
			};
			name = Debug;
		};
		160864B7200CA30E0043988C /* Release */ = {
			isa = XCBuildConfiguration;
			buildSettings = {
				BUNDLE_LOADER = "$(TEST_HOST)";
				CODE_SIGN_STYLE = Automatic;
				INFOPLIST_FILE = BayMaxProtectorTests/Info.plist;
				LD_RUNPATH_SEARCH_PATHS = "$(inherited) @executable_path/Frameworks @loader_path/Frameworks";
				PRODUCT_BUNDLE_IDENTIFIER = com.lionbridge.help.BayMaxProtectorTests;
				PRODUCT_NAME = "$(TARGET_NAME)";
				TARGETED_DEVICE_FAMILY = "1,2";
				TEST_HOST = "$(BUILT_PRODUCTS_DIR)/BayMaxProtector.app/BayMaxProtector";
			};
			name = Release;
		};
		160864B9200CA30E0043988C /* Debug */ = {
			isa = XCBuildConfiguration;
			buildSettings = {
				CODE_SIGN_STYLE = Automatic;
				INFOPLIST_FILE = BayMaxProtectorUITests/Info.plist;
				LD_RUNPATH_SEARCH_PATHS = "$(inherited) @executable_path/Frameworks @loader_path/Frameworks";
				PRODUCT_BUNDLE_IDENTIFIER = com.lionbridge.help.BayMaxProtectorUITests;
				PRODUCT_NAME = "$(TARGET_NAME)";
				TARGETED_DEVICE_FAMILY = "1,2";
				TEST_TARGET_NAME = BayMaxProtector;
			};
			name = Debug;
		};
		160864BA200CA30E0043988C /* Release */ = {
			isa = XCBuildConfiguration;
			buildSettings = {
				CODE_SIGN_STYLE = Automatic;
				INFOPLIST_FILE = BayMaxProtectorUITests/Info.plist;
				LD_RUNPATH_SEARCH_PATHS = "$(inherited) @executable_path/Frameworks @loader_path/Frameworks";
				PRODUCT_BUNDLE_IDENTIFIER = com.lionbridge.help.BayMaxProtectorUITests;
				PRODUCT_NAME = "$(TARGET_NAME)";
				TARGETED_DEVICE_FAMILY = "1,2";
				TEST_TARGET_NAME = BayMaxProtector;
			};
			name = Release;
		};
/* End XCBuildConfiguration section */

/* Begin XCConfigurationList section */
		16086481200CA30E0043988C /* Build configuration list for PBXProject "BayMaxProtector" */ = {
			isa = XCConfigurationList;
			buildConfigurations = (
				160864B0200CA30E0043988C /* Debug */,
				160864B1200CA30E0043988C /* Release */,
			);
			defaultConfigurationIsVisible = 0;
			defaultConfigurationName = Release;
		};
		160864B2200CA30E0043988C /* Build configuration list for PBXNativeTarget "BayMaxProtector" */ = {
			isa = XCConfigurationList;
			buildConfigurations = (
				160864B3200CA30E0043988C /* Debug */,
				160864B4200CA30E0043988C /* Release */,
			);
			defaultConfigurationIsVisible = 0;
			defaultConfigurationName = Release;
		};
		160864B5200CA30E0043988C /* Build configuration list for PBXNativeTarget "BayMaxProtectorTests" */ = {
			isa = XCConfigurationList;
			buildConfigurations = (
				160864B6200CA30E0043988C /* Debug */,
				160864B7200CA30E0043988C /* Release */,
			);
			defaultConfigurationIsVisible = 0;
			defaultConfigurationName = Release;
		};
		160864B8200CA30E0043988C /* Build configuration list for PBXNativeTarget "BayMaxProtectorUITests" */ = {
			isa = XCConfigurationList;
			buildConfigurations = (
				160864B9200CA30E0043988C /* Debug */,
				160864BA200CA30E0043988C /* Release */,
			);
			defaultConfigurationIsVisible = 0;
			defaultConfigurationName = Release;
		};
/* End XCConfigurationList section */
	};
	rootObject = 1608647E200CA30E0043988C /* Project object */;
}
